PODS:
  - Alamofire (4.7.2)
  - Kingfisher (4.8.0)
  - MJRefresh (3.1.15.3)
  - Realm (3.6.0):
    - Realm/Headers (= 3.6.0)
  - Realm/Headers (3.6.0)
  - RealmSwift (3.6.0):
    - Realm (= 3.6.0)
  - SnapKit (4.0.0)
  - SVProgressHUD (2.2.5)
  - SwiftyJSON (4.1.0)
  - UMCCommon (1.5.1)
  - UMCSecurityPlugins (1.0.6)
  - UMCShare/Core (6.9.3):
    - UMCCommon
  - UMCShare/Social/QQ (6.9.3):
    - UMCCommon
    - UMCShare/Core
    - UMCShare/Social/ReducedQQ
  - UMCShare/Social/ReducedQQ (6.9.3):
    - UMCCommon
    - UMCShare/Core
  - UMCShare/Social/ReducedWeChat (6.9.3):
    - UMCCommon
    - UMCShare/Core
  - UMCShare/Social/WeChat (6.9.3):
    - UMCCommon
    - UMCShare/Core
    - UMCShare/Social/ReducedWeChat
  - UMCShare/UI (6.9.3):
    - UMCCommon
    - UMCShare/Core

DEPENDENCIES:
  - Alamofire (~> 4.7.2)
  - Kingfisher (~> 4.8.0)
  - MJRefresh (~> 3.1.15.3)
  - RealmSwift (~> 3.6.0)
  - SnapKit (~> 4.0.0)
  - SVProgressHUD (~> 2.2.5)
  - SwiftyJSON (~> 4.1.0)
  - UMCCommon
  - UMCSecurityPlugins
  - UMCShare/Social/QQ
  - UMCShare/Social/ReducedQQ
  - UMCShare/Social/ReducedWeChat
  - UMCShare/Social/WeChat
  - UMCShare/UI

SPEC REPOS:
  https://github.com/cocoapods/specs.git:
    - Alamofire
    - Kingfisher
    - MJRefresh
    - Realm
    - RealmSwift
    - SnapKit
    - SVProgressHUD
    - SwiftyJSON
    - UMCCommon
    - UMCSecurityPlugins
    - UMCShare

SPEC CHECKSUMS:
  Alamofire: e4fa87002c137ba2d8d634d2c51fabcda0d5c223
  Kingfisher: 976d828df2b24834c6a3f2fc4d82cdbd26552be1
  MJRefresh: b48380ae2b927b46c4ef000de9adb8dc748e1df7
  Realm: 08b464b462d4f31bbd4ba5f5a1c8722ef0a700b7
  RealmSwift: 973e1499c44ab571f894c2c908e2db450be280c3
  SnapKit: a42d492c16e80209130a3379f73596c3454b7694
  SVProgressHUD: 1428aafac632c1f86f62aa4243ec12008d7a51d6
  SwiftyJSON: c29297daf073d2aa016295d5809cdd68045c39b3
  UMCCommon: 16b674e9de0616d3a6128c551348a686d869c3c7
  UMCSecurityPlugins: 0831a08f3988f3cea9f1d3a7626cd9bee4fef150
  UMCShare: 023886b10d11119331c9c46d8e8a0c31fe67c23e

PODFILE CHECKSUM: 245c668f858bed88b8313865200f47c01fe366c4

COCOAPODS: 1.5.3
