// !$*UTF8*$!
{
	archiveVersion = 1;
	classes = {
	};
	objectVersion = 50;
	objects = {

/* Begin PBXBuildFile section */
		50E2CD00B0E32E9350038770 /* Pods_Content.framework in Frameworks */ = {isa = PBXBuildFile; fileRef = 8E0442D913F1E669C54868B9 /* Pods_Content.framework */; };
		7111F525216EEAD0005AB153 /* UMShareSwiftInterface.swift in Sources */ = {isa = PBXBuildFile; fileRef = 7111F524216EEAD0005AB153 /* UMShareSwiftInterface.swift */; };
		7113691B2175C051001C069D /* MyCollectController.swift in Sources */ = {isa = PBXBuildFile; fileRef = 7113691A2175C051001C069D /* MyCollectController.swift */; };
		713D8F36216F1E1100C7914D /* JMamagerController.swift in Sources */ = {isa = PBXBuildFile; fileRef = 713D8F35216F1E1100C7914D /* JMamagerController.swift */; };
		713D8F38216F1E5A00C7914D /* JMamagerCell.swift in Sources */ = {isa = PBXBuildFile; fileRef = 713D8F37216F1E5A00C7914D /* JMamagerCell.swift */; };
		713D8F3A216F25DB00C7914D /* JMamagerDetailController.swift in Sources */ = {isa = PBXBuildFile; fileRef = 713D8F39216F25DB00C7914D /* JMamagerDetailController.swift */; };
		713D8F3C216F265100C7914D /* JMamagerDetailCell.swift in Sources */ = {isa = PBXBuildFile; fileRef = 713D8F3B216F265100C7914D /* JMamagerDetailCell.swift */; };
		713D8F3E216F37A800C7914D /* RecommendController.swift in Sources */ = {isa = PBXBuildFile; fileRef = 713D8F3D216F37A800C7914D /* RecommendController.swift */; };
		714CFD1C216DC45F00E89B5F /* NewsDetailViewController.swift in Sources */ = {isa = PBXBuildFile; fileRef = 714CFD1B216DC45F00E89B5F /* NewsDetailViewController.swift */; };
		714CFD1E216DC50700E89B5F /* NewsDetailCell1.swift in Sources */ = {isa = PBXBuildFile; fileRef = 714CFD1D216DC50700E89B5F /* NewsDetailCell1.swift */; };
		714CFD21216DCA5100E89B5F /* CommentCell.swift in Sources */ = {isa = PBXBuildFile; fileRef = 714CFD1F216DCA5100E89B5F /* CommentCell.swift */; };
		714CFD22216DCA5100E89B5F /* CommentCell.xib in Resources */ = {isa = PBXBuildFile; fileRef = 714CFD20216DCA5100E89B5F /* CommentCell.xib */; };
		714CFD24216DCE0800E89B5F /* DataTool.swift in Sources */ = {isa = PBXBuildFile; fileRef = 714CFD23216DCE0800E89B5F /* DataTool.swift */; };
		714CFD26216DCE5C00E89B5F /* Comment.swift in Sources */ = {isa = PBXBuildFile; fileRef = 714CFD25216DCE5C00E89B5F /* Comment.swift */; };
		714CFD28216DDFF800E89B5F /* TextDetailController.swift in Sources */ = {isa = PBXBuildFile; fileRef = 714CFD27216DDFF800E89B5F /* TextDetailController.swift */; };
		714CFD2A216DE07A00E89B5F /* TextDetailCell.swift in Sources */ = {isa = PBXBuildFile; fileRef = 714CFD29216DE07A00E89B5F /* TextDetailCell.swift */; };
		714CFD2C216DE7ED00E89B5F /* PicDetailController.swift in Sources */ = {isa = PBXBuildFile; fileRef = 714CFD2B216DE7ED00E89B5F /* PicDetailController.swift */; };
		715C9EF5216C56DF00D1EC9E /* SVTool.swift in Sources */ = {isa = PBXBuildFile; fileRef = 715C9EF4216C56DF00D1EC9E /* SVTool.swift */; };
		715C9EF7216C576900D1EC9E /* NetTool.swift in Sources */ = {isa = PBXBuildFile; fileRef = 715C9EF6216C576900D1EC9E /* NetTool.swift */; };
		7178A8EF217EC94900C3C096 /* MineController.swift in Sources */ = {isa = PBXBuildFile; fileRef = 7178A8EE217EC94900C3C096 /* MineController.swift */; };
		7178A8F1217ECB7E00C3C096 /* ChangePassController.swift in Sources */ = {isa = PBXBuildFile; fileRef = 7178A8F0217ECB7E00C3C096 /* ChangePassController.swift */; };
		7178A8F3217EE3DD00C3C096 /* CreateChatController.swift in Sources */ = {isa = PBXBuildFile; fileRef = 7178A8F2217EE3DD00C3C096 /* CreateChatController.swift */; };
		7178A8F5217EE4ED00C3C096 /* ChatsController.swift in Sources */ = {isa = PBXBuildFile; fileRef = 7178A8F4217EE4ED00C3C096 /* ChatsController.swift */; };
		7178A8F7217EE5BE00C3C096 /* ChatsCell.swift in Sources */ = {isa = PBXBuildFile; fileRef = 7178A8F6217EE5BE00C3C096 /* ChatsCell.swift */; };
		7178A8F9217EED7F00C3C096 /* ChatDetailController.swift in Sources */ = {isa = PBXBuildFile; fileRef = 7178A8F8217EED7F00C3C096 /* ChatDetailController.swift */; };
		7178A8FB217EEDA200C3C096 /* ChatDetailCell.swift in Sources */ = {isa = PBXBuildFile; fileRef = 7178A8FA217EEDA200C3C096 /* ChatDetailCell.swift */; };
		718025B1216B471F00191826 /* NewsViewController.swift in Sources */ = {isa = PBXBuildFile; fileRef = 718025B0216B471F00191826 /* NewsViewController.swift */; };
		718025B3216B487600191826 /* NewsCell.swift in Sources */ = {isa = PBXBuildFile; fileRef = 718025B2216B487600191826 /* NewsCell.swift */; };
		718025B5216B548100191826 /* TextController.swift in Sources */ = {isa = PBXBuildFile; fileRef = 718025B4216B548100191826 /* TextController.swift */; };
		718025B7216B54C300191826 /* TextCell.swift in Sources */ = {isa = PBXBuildFile; fileRef = 718025B6216B54C300191826 /* TextCell.swift */; };
		718025BB216B62C800191826 /* PicController.swift in Sources */ = {isa = PBXBuildFile; fileRef = 718025BA216B62C800191826 /* PicController.swift */; };
		718025BD216B633800191826 /* PicCell.swift in Sources */ = {isa = PBXBuildFile; fileRef = 718025BC216B633800191826 /* PicCell.swift */; };
		71F20EE6216B222200EB8E74 /* AppDelegate.swift in Sources */ = {isa = PBXBuildFile; fileRef = 71F20EE5216B222200EB8E74 /* AppDelegate.swift */; };
		71F20EE8216B222200EB8E74 /* ViewController.swift in Sources */ = {isa = PBXBuildFile; fileRef = 71F20EE7216B222200EB8E74 /* ViewController.swift */; };
		71F20EEB216B222200EB8E74 /* Main.storyboard in Resources */ = {isa = PBXBuildFile; fileRef = 71F20EE9216B222200EB8E74 /* Main.storyboard */; };
		71F20EED216B222300EB8E74 /* Assets.xcassets in Resources */ = {isa = PBXBuildFile; fileRef = 71F20EEC216B222300EB8E74 /* Assets.xcassets */; };
		71F20EF0216B222300EB8E74 /* LaunchScreen.storyboard in Resources */ = {isa = PBXBuildFile; fileRef = 71F20EEE216B222300EB8E74 /* LaunchScreen.storyboard */; };
		71F20EF8216B2BFF00EB8E74 /* LoginController.swift in Sources */ = {isa = PBXBuildFile; fileRef = 71F20EF7216B2BFF00EB8E74 /* LoginController.swift */; };
		71F20EFA216B2D7500EB8E74 /* RegistController.swift in Sources */ = {isa = PBXBuildFile; fileRef = 71F20EF9216B2D7500EB8E74 /* RegistController.swift */; };
		71F20EFC216B2F2300EB8E74 /* MainController.swift in Sources */ = {isa = PBXBuildFile; fileRef = 71F20EFB216B2F2300EB8E74 /* MainController.swift */; };
		71F20F01216B31EA00EB8E74 /* WJItemsControlView.m in Sources */ = {isa = PBXBuildFile; fileRef = 71F20EFF216B31EA00EB8E74 /* WJItemsControlView.m */; };
/* End PBXBuildFile section */

/* Begin PBXFileReference section */
		18FEA9C10EC5B0D2239797F6 /* Pods-Content.debug.xcconfig */ = {isa = PBXFileReference; includeInIndex = 1; lastKnownFileType = text.xcconfig; name = "Pods-Content.debug.xcconfig"; path = "Pods/Target Support Files/Pods-Content/Pods-Content.debug.xcconfig"; sourceTree = "<group>"; };
		623BCF890E76EB22FB689B6E /* Pods-Content.release.xcconfig */ = {isa = PBXFileReference; includeInIndex = 1; lastKnownFileType = text.xcconfig; name = "Pods-Content.release.xcconfig"; path = "Pods/Target Support Files/Pods-Content/Pods-Content.release.xcconfig"; sourceTree = "<group>"; };
		7111F524216EEAD0005AB153 /* UMShareSwiftInterface.swift */ = {isa = PBXFileReference; fileEncoding = 4; lastKnownFileType = sourcecode.swift; path = UMShareSwiftInterface.swift; sourceTree = "<group>"; };
		7113691A2175C051001C069D /* MyCollectController.swift */ = {isa = PBXFileReference; lastKnownFileType = sourcecode.swift; path = MyCollectController.swift; sourceTree = "<group>"; };
		713D8F35216F1E1100C7914D /* JMamagerController.swift */ = {isa = PBXFileReference; lastKnownFileType = sourcecode.swift; path = JMamagerController.swift; sourceTree = "<group>"; };
		713D8F37216F1E5A00C7914D /* JMamagerCell.swift */ = {isa = PBXFileReference; lastKnownFileType = sourcecode.swift; path = JMamagerCell.swift; sourceTree = "<group>"; };
		713D8F39216F25DB00C7914D /* JMamagerDetailController.swift */ = {isa = PBXFileReference; lastKnownFileType = sourcecode.swift; path = JMamagerDetailController.swift; sourceTree = "<group>"; };
		713D8F3B216F265100C7914D /* JMamagerDetailCell.swift */ = {isa = PBXFileReference; lastKnownFileType = sourcecode.swift; path = JMamagerDetailCell.swift; sourceTree = "<group>"; };
		713D8F3D216F37A800C7914D /* RecommendController.swift */ = {isa = PBXFileReference; lastKnownFileType = sourcecode.swift; path = RecommendController.swift; sourceTree = "<group>"; };
		714CFD1B216DC45F00E89B5F /* NewsDetailViewController.swift */ = {isa = PBXFileReference; lastKnownFileType = sourcecode.swift; path = NewsDetailViewController.swift; sourceTree = "<group>"; };
		714CFD1D216DC50700E89B5F /* NewsDetailCell1.swift */ = {isa = PBXFileReference; lastKnownFileType = sourcecode.swift; path = NewsDetailCell1.swift; sourceTree = "<group>"; };
		714CFD1F216DCA5100E89B5F /* CommentCell.swift */ = {isa = PBXFileReference; lastKnownFileType = sourcecode.swift; path = CommentCell.swift; sourceTree = "<group>"; };
		714CFD20216DCA5100E89B5F /* CommentCell.xib */ = {isa = PBXFileReference; lastKnownFileType = file.xib; path = CommentCell.xib; sourceTree = "<group>"; };
		714CFD23216DCE0800E89B5F /* DataTool.swift */ = {isa = PBXFileReference; fileEncoding = 4; lastKnownFileType = sourcecode.swift; path = DataTool.swift; sourceTree = "<group>"; };
		714CFD25216DCE5C00E89B5F /* Comment.swift */ = {isa = PBXFileReference; lastKnownFileType = sourcecode.swift; path = Comment.swift; sourceTree = "<group>"; };
		714CFD27216DDFF800E89B5F /* TextDetailController.swift */ = {isa = PBXFileReference; lastKnownFileType = sourcecode.swift; path = TextDetailController.swift; sourceTree = "<group>"; };
		714CFD29216DE07A00E89B5F /* TextDetailCell.swift */ = {isa = PBXFileReference; lastKnownFileType = sourcecode.swift; path = TextDetailCell.swift; sourceTree = "<group>"; };
		714CFD2B216DE7ED00E89B5F /* PicDetailController.swift */ = {isa = PBXFileReference; lastKnownFileType = sourcecode.swift; path = PicDetailController.swift; sourceTree = "<group>"; };
		715C9EF4216C56DF00D1EC9E /* SVTool.swift */ = {isa = PBXFileReference; lastKnownFileType = sourcecode.swift; path = SVTool.swift; sourceTree = "<group>"; };
		715C9EF6216C576900D1EC9E /* NetTool.swift */ = {isa = PBXFileReference; lastKnownFileType = sourcecode.swift; path = NetTool.swift; sourceTree = "<group>"; };
		7178A8EE217EC94900C3C096 /* MineController.swift */ = {isa = PBXFileReference; lastKnownFileType = sourcecode.swift; path = MineController.swift; sourceTree = "<group>"; };
		7178A8F0217ECB7E00C3C096 /* ChangePassController.swift */ = {isa = PBXFileReference; lastKnownFileType = sourcecode.swift; path = ChangePassController.swift; sourceTree = "<group>"; };
		7178A8F2217EE3DD00C3C096 /* CreateChatController.swift */ = {isa = PBXFileReference; lastKnownFileType = sourcecode.swift; path = CreateChatController.swift; sourceTree = "<group>"; };
		7178A8F4217EE4ED00C3C096 /* ChatsController.swift */ = {isa = PBXFileReference; lastKnownFileType = sourcecode.swift; path = ChatsController.swift; sourceTree = "<group>"; };
		7178A8F6217EE5BE00C3C096 /* ChatsCell.swift */ = {isa = PBXFileReference; lastKnownFileType = sourcecode.swift; path = ChatsCell.swift; sourceTree = "<group>"; };
		7178A8F8217EED7F00C3C096 /* ChatDetailController.swift */ = {isa = PBXFileReference; lastKnownFileType = sourcecode.swift; path = ChatDetailController.swift; sourceTree = "<group>"; };
		7178A8FA217EEDA200C3C096 /* ChatDetailCell.swift */ = {isa = PBXFileReference; lastKnownFileType = sourcecode.swift; path = ChatDetailCell.swift; sourceTree = "<group>"; };
		718025B0216B471F00191826 /* NewsViewController.swift */ = {isa = PBXFileReference; lastKnownFileType = sourcecode.swift; path = NewsViewController.swift; sourceTree = "<group>"; };
		718025B2216B487600191826 /* NewsCell.swift */ = {isa = PBXFileReference; lastKnownFileType = sourcecode.swift; path = NewsCell.swift; sourceTree = "<group>"; };
		718025B4216B548100191826 /* TextController.swift */ = {isa = PBXFileReference; lastKnownFileType = sourcecode.swift; path = TextController.swift; sourceTree = "<group>"; };
		718025B6216B54C300191826 /* TextCell.swift */ = {isa = PBXFileReference; lastKnownFileType = sourcecode.swift; path = TextCell.swift; sourceTree = "<group>"; };
		718025BA216B62C800191826 /* PicController.swift */ = {isa = PBXFileReference; lastKnownFileType = sourcecode.swift; path = PicController.swift; sourceTree = "<group>"; };
		718025BC216B633800191826 /* PicCell.swift */ = {isa = PBXFileReference; lastKnownFileType = sourcecode.swift; path = PicCell.swift; sourceTree = "<group>"; };
		71F20EE2216B222200EB8E74 /* Content.app */ = {isa = PBXFileReference; explicitFileType = wrapper.application; includeInIndex = 0; path = Content.app; sourceTree = BUILT_PRODUCTS_DIR; };
		71F20EE5216B222200EB8E74 /* AppDelegate.swift */ = {isa = PBXFileReference; lastKnownFileType = sourcecode.swift; path = AppDelegate.swift; sourceTree = "<group>"; };
		71F20EE7216B222200EB8E74 /* ViewController.swift */ = {isa = PBXFileReference; lastKnownFileType = sourcecode.swift; path = ViewController.swift; sourceTree = "<group>"; };
		71F20EEA216B222200EB8E74 /* Base */ = {isa = PBXFileReference; lastKnownFileType = file.storyboard; name = Base; path = Base.lproj/Main.storyboard; sourceTree = "<group>"; };
		71F20EEC216B222300EB8E74 /* Assets.xcassets */ = {isa = PBXFileReference; lastKnownFileType = folder.assetcatalog; path = Assets.xcassets; sourceTree = "<group>"; };
		71F20EEF216B222300EB8E74 /* Base */ = {isa = PBXFileReference; lastKnownFileType = file.storyboard; name = Base; path = Base.lproj/LaunchScreen.storyboard; sourceTree = "<group>"; };
		71F20EF1216B222300EB8E74 /* Info.plist */ = {isa = PBXFileReference; lastKnownFileType = text.plist.xml; path = Info.plist; sourceTree = "<group>"; };
		71F20EF7216B2BFF00EB8E74 /* LoginController.swift */ = {isa = PBXFileReference; lastKnownFileType = sourcecode.swift; path = LoginController.swift; sourceTree = "<group>"; };
		71F20EF9216B2D7500EB8E74 /* RegistController.swift */ = {isa = PBXFileReference; lastKnownFileType = sourcecode.swift; path = RegistController.swift; sourceTree = "<group>"; };
		71F20EFB216B2F2300EB8E74 /* MainController.swift */ = {isa = PBXFileReference; lastKnownFileType = sourcecode.swift; path = MainController.swift; sourceTree = "<group>"; };
		71F20EFF216B31EA00EB8E74 /* WJItemsControlView.m */ = {isa = PBXFileReference; fileEncoding = 4; lastKnownFileType = sourcecode.c.objc; path = WJItemsControlView.m; sourceTree = "<group>"; };
		71F20F00216B31EA00EB8E74 /* WJItemsControlView.h */ = {isa = PBXFileReference; fileEncoding = 4; lastKnownFileType = sourcecode.c.h; path = WJItemsControlView.h; sourceTree = "<group>"; };
		71F20F07216B325800EB8E74 /* Header.h */ = {isa = PBXFileReference; lastKnownFileType = sourcecode.c.h; path = Header.h; sourceTree = "<group>"; };
		8E0442D913F1E669C54868B9 /* Pods_Content.framework */ = {isa = PBXFileReference; explicitFileType = wrapper.framework; includeInIndex = 0; path = Pods_Content.framework; sourceTree = BUILT_PRODUCTS_DIR; };
/* End PBXFileReference section */

/* Begin PBXFrameworksBuildPhase section */
		71F20EDF216B222200EB8E74 /* Frameworks */ = {
			isa = PBXFrameworksBuildPhase;
			buildActionMask = 2147483647;
			files = (
				50E2CD00B0E32E9350038770 /* Pods_Content.framework in Frameworks */,
			);
			runOnlyForDeploymentPostprocessing = 0;
		};
/* End PBXFrameworksBuildPhase section */

/* Begin PBXGroup section */
		2168FD77C8F91D66E2AD084D /* Frameworks */ = {
			isa = PBXGroup;
			children = (
				8E0442D913F1E669C54868B9 /* Pods_Content.framework */,
			);
			name = Frameworks;
			sourceTree = "<group>";
		};
		37307F65853C791EE8A690F4 /* Pods */ = {
			isa = PBXGroup;
			children = (
				18FEA9C10EC5B0D2239797F6 /* Pods-Content.debug.xcconfig */,
				623BCF890E76EB22FB689B6E /* Pods-Content.release.xcconfig */,
			);
			name = Pods;
			sourceTree = "<group>";
		};
		718025AF216B46FB00191826 /* news */ = {
			isa = PBXGroup;
			children = (
				718025B0216B471F00191826 /* NewsViewController.swift */,
				714CFD1B216DC45F00E89B5F /* NewsDetailViewController.swift */,
				718025B2216B487600191826 /* NewsCell.swift */,
				714CFD1D216DC50700E89B5F /* NewsDetailCell1.swift */,
				718025B4216B548100191826 /* TextController.swift */,
				714CFD27216DDFF800E89B5F /* TextDetailController.swift */,
				718025B6216B54C300191826 /* TextCell.swift */,
				714CFD29216DE07A00E89B5F /* TextDetailCell.swift */,
				718025BA216B62C800191826 /* PicController.swift */,
				714CFD2B216DE7ED00E89B5F /* PicDetailController.swift */,
				718025BC216B633800191826 /* PicCell.swift */,
				713D8F35216F1E1100C7914D /* JMamagerController.swift */,
				713D8F37216F1E5A00C7914D /* JMamagerCell.swift */,
				713D8F39216F25DB00C7914D /* JMamagerDetailController.swift */,
				713D8F3B216F265100C7914D /* JMamagerDetailCell.swift */,
				713D8F3D216F37A800C7914D /* RecommendController.swift */,
				7113691A2175C051001C069D /* MyCollectController.swift */,
				7178A8EE217EC94900C3C096 /* MineController.swift */,
				7178A8F0217ECB7E00C3C096 /* ChangePassController.swift */,
				7178A8F2217EE3DD00C3C096 /* CreateChatController.swift */,
				7178A8F4217EE4ED00C3C096 /* ChatsController.swift */,
				7178A8F6217EE5BE00C3C096 /* ChatsCell.swift */,
				7178A8F8217EED7F00C3C096 /* ChatDetailController.swift */,
				7178A8FA217EEDA200C3C096 /* ChatDetailCell.swift */,
			);
			path = news;
			sourceTree = "<group>";
		};
		71F20ED9216B222200EB8E74 = {
			isa = PBXGroup;
			children = (
				71F20EE4216B222200EB8E74 /* Content */,
				71F20EE3216B222200EB8E74 /* Products */,
				37307F65853C791EE8A690F4 /* Pods */,
				2168FD77C8F91D66E2AD084D /* Frameworks */,
			);
			sourceTree = "<group>";
		};
		71F20EE3216B222200EB8E74 /* Products */ = {
			isa = PBXGroup;
			children = (
				71F20EE2216B222200EB8E74 /* Content.app */,
			);
			name = Products;
			sourceTree = "<group>";
		};
		71F20EE4216B222200EB8E74 /* Content */ = {
			isa = PBXGroup;
			children = (
				718025AF216B46FB00191826 /* news */,
				71F20EFD216B31D800EB8E74 /* Third */,
				71F20EF7216B2BFF00EB8E74 /* LoginController.swift */,
				71F20EF9216B2D7500EB8E74 /* RegistController.swift */,
				71F20EFB216B2F2300EB8E74 /* MainController.swift */,
				71F20EE5216B222200EB8E74 /* AppDelegate.swift */,
				71F20EE7216B222200EB8E74 /* ViewController.swift */,
				71F20EE9216B222200EB8E74 /* Main.storyboard */,
				71F20EEC216B222300EB8E74 /* Assets.xcassets */,
				71F20EEE216B222300EB8E74 /* LaunchScreen.storyboard */,
				71F20EF1216B222300EB8E74 /* Info.plist */,
				71F20F07216B325800EB8E74 /* Header.h */,
			);
			path = Content;
			sourceTree = "<group>";
		};
		71F20EFD216B31D800EB8E74 /* Third */ = {
			isa = PBXGroup;
			children = (
				7111F524216EEAD0005AB153 /* UMShareSwiftInterface.swift */,
				714CFD25216DCE5C00E89B5F /* Comment.swift */,
				714CFD23216DCE0800E89B5F /* DataTool.swift */,
				71F20EFE216B31EA00EB8E74 /* WJSegment */,
				715C9EF4216C56DF00D1EC9E /* SVTool.swift */,
				715C9EF6216C576900D1EC9E /* NetTool.swift */,
				714CFD1F216DCA5100E89B5F /* CommentCell.swift */,
				714CFD20216DCA5100E89B5F /* CommentCell.xib */,
			);
			path = Third;
			sourceTree = "<group>";
		};
		71F20EFE216B31EA00EB8E74 /* WJSegment */ = {
			isa = PBXGroup;
			children = (
				71F20F00216B31EA00EB8E74 /* WJItemsControlView.h */,
				71F20EFF216B31EA00EB8E74 /* WJItemsControlView.m */,
			);
			path = WJSegment;
			sourceTree = "<group>";
		};
/* End PBXGroup section */

/* Begin PBXNativeTarget section */
		71F20EE1216B222200EB8E74 /* Content */ = {
			isa = PBXNativeTarget;
			buildConfigurationList = 71F20EF4216B222300EB8E74 /* Build configuration list for PBXNativeTarget "Content" */;
			buildPhases = (
				5269A3345CB4AEB9C3DB90D8 /* [CP] Check Pods Manifest.lock */,
				71F20EDE216B222200EB8E74 /* Sources */,
				71F20EDF216B222200EB8E74 /* Frameworks */,
				71F20EE0216B222200EB8E74 /* Resources */,
				B8D0645B950551220B6091C9 /* [CP] Embed Pods Frameworks */,
				83FA23FBC19970FE65B1291F /* [CP] Copy Pods Resources */,
			);
			buildRules = (
			);
			dependencies = (
			);
			name = Content;
			productName = Content;
			productReference = 71F20EE2216B222200EB8E74 /* Content.app */;
			productType = "com.apple.product-type.application";
		};
/* End PBXNativeTarget section */

/* Begin PBXProject section */
		71F20EDA216B222200EB8E74 /* Project object */ = {
			isa = PBXProject;
			attributes = {
				LastSwiftUpdateCheck = 0940;
				LastUpgradeCheck = 0940;
				ORGANIZATIONNAME = fcn;
				TargetAttributes = {
					71F20EE1216B222200EB8E74 = {
						CreatedOnToolsVersion = 9.4;
					};
				};
			};
			buildConfigurationList = 71F20EDD216B222200EB8E74 /* Build configuration list for PBXProject "Content" */;
			compatibilityVersion = "Xcode 9.3";
			developmentRegion = en;
			hasScannedForEncodings = 0;
			knownRegions = (
				en,
				Base,
			);
			mainGroup = 71F20ED9216B222200EB8E74;
			productRefGroup = 71F20EE3216B222200EB8E74 /* Products */;
			projectDirPath = "";
			projectRoot = "";
			targets = (
				71F20EE1216B222200EB8E74 /* Content */,
			);
		};
/* End PBXProject section */

/* Begin PBXResourcesBuildPhase section */
		71F20EE0216B222200EB8E74 /* Resources */ = {
			isa = PBXResourcesBuildPhase;
			buildActionMask = 2147483647;
			files = (
				71F20EF0216B222300EB8E74 /* LaunchScreen.storyboard in Resources */,
				71F20EED216B222300EB8E74 /* Assets.xcassets in Resources */,
				71F20EEB216B222200EB8E74 /* Main.storyboard in Resources */,
				714CFD22216DCA5100E89B5F /* CommentCell.xib in Resources */,
			);
			runOnlyForDeploymentPostprocessing = 0;
		};
/* End PBXResourcesBuildPhase section */

/* Begin PBXShellScriptBuildPhase section */
		5269A3345CB4AEB9C3DB90D8 /* [CP] Check Pods Manifest.lock */ = {
			isa = PBXShellScriptBuildPhase;
			buildActionMask = 2147483647;
			files = (
			);
			inputPaths = (
				"${PODS_PODFILE_DIR_PATH}/Podfile.lock",
				"${PODS_ROOT}/Manifest.lock",
			);
			name = "[CP] Check Pods Manifest.lock";
			outputPaths = (
				"$(DERIVED_FILE_DIR)/Pods-Content-checkManifestLockResult.txt",
			);
			runOnlyForDeploymentPostprocessing = 0;
			shellPath = /bin/sh;
			shellScript = "diff \"${PODS_PODFILE_DIR_PATH}/Podfile.lock\" \"${PODS_ROOT}/Manifest.lock\" > /dev/null\nif [ $? != 0 ] ; then\n    # print error to STDERR\n    echo \"error: The sandbox is not in sync with the Podfile.lock. Run 'pod install' or update your CocoaPods installation.\" >&2\n    exit 1\nfi\n# This output is used by Xcode 'outputs' to avoid re-running this script phase.\necho \"SUCCESS\" > \"${SCRIPT_OUTPUT_FILE_0}\"\n";
			showEnvVarsInLog = 0;
		};
		83FA23FBC19970FE65B1291F /* [CP] Copy Pods Resources */ = {
			isa = PBXShellScriptBuildPhase;
			buildActionMask = 2147483647;
			files = (
			);
			inputPaths = (
				"${SRCROOT}/Pods/Target Support Files/Pods-Content/Pods-Content-resources.sh",
				"${PODS_ROOT}/UMCShare/UMShare/UMSocialUI/UMSocialSDKResources.bundle",
			);
			name = "[CP] Copy Pods Resources";
			outputPaths = (
				"${TARGET_BUILD_DIR}/${UNLOCALIZED_RESOURCES_FOLDER_PATH}/UMSocialSDKResources.bundle",
			);
			runOnlyForDeploymentPostprocessing = 0;
			shellPath = /bin/sh;
			shellScript = "\"${SRCROOT}/Pods/Target Support Files/Pods-Content/Pods-Content-resources.sh\"\n";
			showEnvVarsInLog = 0;
		};
		B8D0645B950551220B6091C9 /* [CP] Embed Pods Frameworks */ = {
			isa = PBXShellScriptBuildPhase;
			buildActionMask = 2147483647;
			files = (
			);
			inputPaths = (
				"${SRCROOT}/Pods/Target Support Files/Pods-Content/Pods-Content-frameworks.sh",
				"${BUILT_PRODUCTS_DIR}/Alamofire/Alamofire.framework",
				"${BUILT_PRODUCTS_DIR}/Kingfisher/Kingfisher.framework",
				"${BUILT_PRODUCTS_DIR}/MJRefresh/MJRefresh.framework",
				"${BUILT_PRODUCTS_DIR}/Realm/Realm.framework",
				"${BUILT_PRODUCTS_DIR}/RealmSwift/RealmSwift.framework",
				"${BUILT_PRODUCTS_DIR}/SVProgressHUD/SVProgressHUD.framework",
				"${BUILT_PRODUCTS_DIR}/SnapKit/SnapKit.framework",
				"${BUILT_PRODUCTS_DIR}/SwiftyJSON/SwiftyJSON.framework",
			);
			name = "[CP] Embed Pods Frameworks";
			outputPaths = (
				"${TARGET_BUILD_DIR}/${FRAMEWORKS_FOLDER_PATH}/Alamofire.framework",
				"${TARGET_BUILD_DIR}/${FRAMEWORKS_FOLDER_PATH}/Kingfisher.framework",
				"${TARGET_BUILD_DIR}/${FRAMEWORKS_FOLDER_PATH}/MJRefresh.framework",
				"${TARGET_BUILD_DIR}/${FRAMEWORKS_FOLDER_PATH}/Realm.framework",
				"${TARGET_BUILD_DIR}/${FRAMEWORKS_FOLDER_PATH}/RealmSwift.framework",
				"${TARGET_BUILD_DIR}/${FRAMEWORKS_FOLDER_PATH}/SVProgressHUD.framework",
				"${TARGET_BUILD_DIR}/${FRAMEWORKS_FOLDER_PATH}/SnapKit.framework",
				"${TARGET_BUILD_DIR}/${FRAMEWORKS_FOLDER_PATH}/SwiftyJSON.framework",
			);
			runOnlyForDeploymentPostprocessing = 0;
			shellPath = /bin/sh;
			shellScript = "\"${SRCROOT}/Pods/Target Support Files/Pods-Content/Pods-Content-frameworks.sh\"\n";
			showEnvVarsInLog = 0;
		};
/* End PBXShellScriptBuildPhase section */

/* Begin PBXSourcesBuildPhase section */
		71F20EDE216B222200EB8E74 /* Sources */ = {
			isa = PBXSourcesBuildPhase;
			buildActionMask = 2147483647;
			files = (
				718025B7216B54C300191826 /* TextCell.swift in Sources */,
				714CFD2C216DE7ED00E89B5F /* PicDetailController.swift in Sources */,
				715C9EF7216C576900D1EC9E /* NetTool.swift in Sources */,
				718025B5216B548100191826 /* TextController.swift in Sources */,
				718025BB216B62C800191826 /* PicController.swift in Sources */,
				7178A8F1217ECB7E00C3C096 /* ChangePassController.swift in Sources */,
				71F20F01216B31EA00EB8E74 /* WJItemsControlView.m in Sources */,
				7178A8F9217EED7F00C3C096 /* ChatDetailController.swift in Sources */,
				7178A8F7217EE5BE00C3C096 /* ChatsCell.swift in Sources */,
				713D8F3E216F37A800C7914D /* RecommendController.swift in Sources */,
				714CFD21216DCA5100E89B5F /* CommentCell.swift in Sources */,
				71F20EE8216B222200EB8E74 /* ViewController.swift in Sources */,
				715C9EF5216C56DF00D1EC9E /* SVTool.swift in Sources */,
				714CFD1C216DC45F00E89B5F /* NewsDetailViewController.swift in Sources */,
				7178A8FB217EEDA200C3C096 /* ChatDetailCell.swift in Sources */,
				713D8F3C216F265100C7914D /* JMamagerDetailCell.swift in Sources */,
				7178A8F3217EE3DD00C3C096 /* CreateChatController.swift in Sources */,
				71F20EF8216B2BFF00EB8E74 /* LoginController.swift in Sources */,
				7113691B2175C051001C069D /* MyCollectController.swift in Sources */,
				714CFD2A216DE07A00E89B5F /* TextDetailCell.swift in Sources */,
				71F20EE6216B222200EB8E74 /* AppDelegate.swift in Sources */,
				718025B1216B471F00191826 /* NewsViewController.swift in Sources */,
				71F20EFA216B2D7500EB8E74 /* RegistController.swift in Sources */,
				7178A8EF217EC94900C3C096 /* MineController.swift in Sources */,
				718025BD216B633800191826 /* PicCell.swift in Sources */,
				7111F525216EEAD0005AB153 /* UMShareSwiftInterface.swift in Sources */,
				7178A8F5217EE4ED00C3C096 /* ChatsController.swift in Sources */,
				714CFD26216DCE5C00E89B5F /* Comment.swift in Sources */,
				718025B3216B487600191826 /* NewsCell.swift in Sources */,
				713D8F36216F1E1100C7914D /* JMamagerController.swift in Sources */,
				713D8F3A216F25DB00C7914D /* JMamagerDetailController.swift in Sources */,
				71F20EFC216B2F2300EB8E74 /* MainController.swift in Sources */,
				714CFD28216DDFF800E89B5F /* TextDetailController.swift in Sources */,
				714CFD24216DCE0800E89B5F /* DataTool.swift in Sources */,
				713D8F38216F1E5A00C7914D /* JMamagerCell.swift in Sources */,
				714CFD1E216DC50700E89B5F /* NewsDetailCell1.swift in Sources */,
			);
			runOnlyForDeploymentPostprocessing = 0;
		};
/* End PBXSourcesBuildPhase section */

/* Begin PBXVariantGroup section */
		71F20EE9216B222200EB8E74 /* Main.storyboard */ = {
			isa = PBXVariantGroup;
			children = (
				71F20EEA216B222200EB8E74 /* Base */,
			);
			name = Main.storyboard;
			sourceTree = "<group>";
		};
		71F20EEE216B222300EB8E74 /* LaunchScreen.storyboard */ = {
			isa = PBXVariantGroup;
			children = (
				71F20EEF216B222300EB8E74 /* Base */,
			);
			name = LaunchScreen.storyboard;
			sourceTree = "<group>";
		};
/* End PBXVariantGroup section */

/* Begin XCBuildConfiguration section */
		71F20EF2216B222300EB8E74 /* Debug */ = {
			isa = XCBuildConfiguration;
			buildSettings = {
				ALWAYS_SEARCH_USER_PATHS = NO;
				CLANG_ANALYZER_NONNULL = YES;
				CLANG_ANALYZER_NUMBER_OBJECT_CONVERSION = YES_AGGRESSIVE;
				CLANG_CXX_LANGUAGE_STANDARD = "gnu++14";
				CLANG_CXX_LIBRARY = "libc++";
				CLANG_ENABLE_MODULES = YES;
				CLANG_ENABLE_OBJC_ARC = YES;
				CLANG_ENABLE_OBJC_WEAK = YES;
				CLANG_WARN_BLOCK_CAPTURE_AUTORELEASING = YES;
				CLANG_WARN_BOOL_CONVERSION = YES;
				CLANG_WARN_COMMA = YES;
				CLANG_WARN_CONSTANT_CONVERSION = YES;
				CLANG_WARN_DEPRECATED_OBJC_IMPLEMENTATIONS = YES;
				CLANG_WARN_DIRECT_OBJC_ISA_USAGE = YES_ERROR;
				CLANG_WARN_DOCUMENTATION_COMMENTS = YES;
				CLANG_WARN_EMPTY_BODY = YES;
				CLANG_WARN_ENUM_CONVERSION = YES;
				CLANG_WARN_INFINITE_RECURSION = YES;
				CLANG_WARN_INT_CONVERSION = YES;
				CLANG_WARN_NON_LITERAL_NULL_CONVERSION = YES;
				CLANG_WARN_OBJC_IMPLICIT_RETAIN_SELF = YES;
				CLANG_WARN_OBJC_LITERAL_CONVERSION = YES;
				CLANG_WARN_OBJC_ROOT_CLASS = YES_ERROR;
				CLANG_WARN_RANGE_LOOP_ANALYSIS = YES;
				CLANG_WARN_STRICT_PROTOTYPES = YES;
				CLANG_WARN_SUSPICIOUS_MOVE = YES;
				CLANG_WARN_UNGUARDED_AVAILABILITY = YES_AGGRESSIVE;
				CLANG_WARN_UNREACHABLE_CODE = YES;
				CLANG_WARN__DUPLICATE_METHOD_MATCH = YES;
				CODE_SIGN_IDENTITY = "iPhone Developer";
				COPY_PHASE_STRIP = NO;
				DEBUG_INFORMATION_FORMAT = dwarf;
				ENABLE_STRICT_OBJC_MSGSEND = YES;
				ENABLE_TESTABILITY = YES;
				GCC_C_LANGUAGE_STANDARD = gnu11;
				GCC_DYNAMIC_NO_PIC = NO;
				GCC_NO_COMMON_BLOCKS = YES;
				GCC_OPTIMIZATION_LEVEL = 0;
				GCC_PREPROCESSOR_DEFINITIONS = (
					"DEBUG=1",
					"$(inherited)",
				);
				GCC_WARN_64_TO_32_BIT_CONVERSION = YES;
				GCC_WARN_ABOUT_RETURN_TYPE = YES_ERROR;
				GCC_WARN_UNDECLARED_SELECTOR = YES;
				GCC_WARN_UNINITIALIZED_AUTOS = YES_AGGRESSIVE;
				GCC_WARN_UNUSED_FUNCTION = YES;
				GCC_WARN_UNUSED_VARIABLE = YES;
				IPHONEOS_DEPLOYMENT_TARGET = 11.4;
				MTL_ENABLE_DEBUG_INFO = YES;
				ONLY_ACTIVE_ARCH = YES;
				SDKROOT = iphoneos;
				SWIFT_ACTIVE_COMPILATION_CONDITIONS = DEBUG;
				SWIFT_OPTIMIZATION_LEVEL = "-Onone";
			};
			name = Debug;
		};
		71F20EF3216B222300EB8E74 /* Release */ = {
			isa = XCBuildConfiguration;
			buildSettings = {
				ALWAYS_SEARCH_USER_PATHS = NO;
				CLANG_ANALYZER_NONNULL = YES;
				CLANG_ANALYZER_NUMBER_OBJECT_CONVERSION = YES_AGGRESSIVE;
				CLANG_CXX_LANGUAGE_STANDARD = "gnu++14";
				CLANG_CXX_LIBRARY = "libc++";
				CLANG_ENABLE_MODULES = YES;
				CLANG_ENABLE_OBJC_ARC = YES;
				CLANG_ENABLE_OBJC_WEAK = YES;
				CLANG_WARN_BLOCK_CAPTURE_AUTORELEASING = YES;
				CLANG_WARN_BOOL_CONVERSION = YES;
				CLANG_WARN_COMMA = YES;
				CLANG_WARN_CONSTANT_CONVERSION = YES;
				CLANG_WARN_DEPRECATED_OBJC_IMPLEMENTATIONS = YES;
				CLANG_WARN_DIRECT_OBJC_ISA_USAGE = YES_ERROR;
				CLANG_WARN_DOCUMENTATION_COMMENTS = YES;
				CLANG_WARN_EMPTY_BODY = YES;
				CLANG_WARN_ENUM_CONVERSION = YES;
				CLANG_WARN_INFINITE_RECURSION = YES;
				CLANG_WARN_INT_CONVERSION = YES;
				CLANG_WARN_NON_LITERAL_NULL_CONVERSION = YES;
				CLANG_WARN_OBJC_IMPLICIT_RETAIN_SELF = YES;
				CLANG_WARN_OBJC_LITERAL_CONVERSION = YES;
				CLANG_WARN_OBJC_ROOT_CLASS = YES_ERROR;
				CLANG_WARN_RANGE_LOOP_ANALYSIS = YES;
				CLANG_WARN_STRICT_PROTOTYPES = YES;
				CLANG_WARN_SUSPICIOUS_MOVE = YES;
				CLANG_WARN_UNGUARDED_AVAILABILITY = YES_AGGRESSIVE;
				CLANG_WARN_UNREACHABLE_CODE = YES;
				CLANG_WARN__DUPLICATE_METHOD_MATCH = YES;
				CODE_SIGN_IDENTITY = "iPhone Developer";
				COPY_PHASE_STRIP = NO;
				DEBUG_INFORMATION_FORMAT = "dwarf-with-dsym";
				ENABLE_NS_ASSERTIONS = NO;
				ENABLE_STRICT_OBJC_MSGSEND = YES;
				GCC_C_LANGUAGE_STANDARD = gnu11;
				GCC_NO_COMMON_BLOCKS = YES;
				GCC_WARN_64_TO_32_BIT_CONVERSION = YES;
				GCC_WARN_ABOUT_RETURN_TYPE = YES_ERROR;
				GCC_WARN_UNDECLARED_SELECTOR = YES;
				GCC_WARN_UNINITIALIZED_AUTOS = YES_AGGRESSIVE;
				GCC_WARN_UNUSED_FUNCTION = YES;
				GCC_WARN_UNUSED_VARIABLE = YES;
				IPHONEOS_DEPLOYMENT_TARGET = 11.4;
				MTL_ENABLE_DEBUG_INFO = NO;
				SDKROOT = iphoneos;
				SWIFT_COMPILATION_MODE = wholemodule;
				SWIFT_OPTIMIZATION_LEVEL = "-O";
				VALIDATE_PRODUCT = YES;
			};
			name = Release;
		};
		71F20EF5216B222300EB8E74 /* Debug */ = {
			isa = XCBuildConfiguration;
			baseConfigurationReference = 18FEA9C10EC5B0D2239797F6 /* Pods-Content.debug.xcconfig */;
			buildSettings = {
				ASSETCATALOG_COMPILER_APPICON_NAME = AppIcon;
				CODE_SIGN_STYLE = Automatic;
				DEVELOPMENT_TEAM = 2KDZC4V28N;
				INFOPLIST_FILE = Content/Info.plist;
				IPHONEOS_DEPLOYMENT_TARGET = 9.0;
				LD_RUNPATH_SEARCH_PATHS = (
					"$(inherited)",
					"@executable_path/Frameworks",
				);
				PRODUCT_BUNDLE_IDENTIFIER = sdfsafdsasf.Content11;
				PRODUCT_NAME = "$(TARGET_NAME)";
				SWIFT_OBJC_BRIDGING_HEADER = Content/Header.h;
				SWIFT_VERSION = 4.0;
				TARGETED_DEVICE_FAMILY = "1,2";
			};
			name = Debug;
		};
		71F20EF6216B222300EB8E74 /* Release */ = {
			isa = XCBuildConfiguration;
			baseConfigurationReference = 623BCF890E76EB22FB689B6E /* Pods-Content.release.xcconfig */;
			buildSettings = {
				ASSETCATALOG_COMPILER_APPICON_NAME = AppIcon;
				CODE_SIGN_STYLE = Automatic;
				DEVELOPMENT_TEAM = 2KDZC4V28N;
				INFOPLIST_FILE = Content/Info.plist;
				IPHONEOS_DEPLOYMENT_TARGET = 9.0;
				LD_RUNPATH_SEARCH_PATHS = (
					"$(inherited)",
					"@executable_path/Frameworks",
				);
				PRODUCT_BUNDLE_IDENTIFIER = sdfsafdsasf.Content11;
				PRODUCT_NAME = "$(TARGET_NAME)";
				SWIFT_OBJC_BRIDGING_HEADER = Content/Header.h;
				SWIFT_VERSION = 4.0;
				TARGETED_DEVICE_FAMILY = "1,2";
			};
			name = Release;
		};
/* End XCBuildConfiguration section */

/* Begin XCConfigurationList section */
		71F20EDD216B222200EB8E74 /* Build configuration list for PBXProject "Content" */ = {
			isa = XCConfigurationList;
			buildConfigurations = (
				71F20EF2216B222300EB8E74 /* Debug */,
				71F20EF3216B222300EB8E74 /* Release */,
			);
			defaultConfigurationIsVisible = 0;
			defaultConfigurationName = Release;
		};
		71F20EF4216B222300EB8E74 /* Build configuration list for PBXNativeTarget "Content" */ = {
			isa = XCConfigurationList;
			buildConfigurations = (
				71F20EF5216B222300EB8E74 /* Debug */,
				71F20EF6216B222300EB8E74 /* Release */,
			);
			defaultConfigurationIsVisible = 0;
			defaultConfigurationName = Release;
		};
/* End XCConfigurationList section */
	};
	rootObject = 71F20EDA216B222200EB8E74 /* Project object */;
}
